{
  "version": 4,
  "terraform_version": "1.0.8",
  "serial": 21,
  "lineage": "7d7fc215-dd58-d2ee-e6ae-c61a83ce0ba3",
  "outputs": {
    "floating_ip_addresses": {
      "value": "91.197.41.6",
      "type": "string"
    }
  },
  "resources": [
    {
      "mode": "managed",
      "type": "openstack_compute_instance_v2",
      "name": "instance_1",
      "provider": "provider[\"registry.terraform.io/terraform-provider-openstack/openstack\"]",
      "instances": [
        {
          "schema_version": 0,
          "attributes": {
            "access_ip_v4": "192.168.199.10",
            "access_ip_v6": "",
            "admin_pass": null,
            "all_metadata": {},
            "all_tags": [],
            "availability_zone": "sto1",
            "availability_zone_hints": null,
            "block_device": [],
            "config_drive": null,
            "flavor_id": "7a6a998f-ac7f-4fb8-a534-2175b254f75e",
            "flavor_name": "v1-mini-1",
            "floating_ip": null,
            "force_delete": false,
            "id": "e2ff91b7-ca6d-4716-85a1-9e41e9ad62da",
            "image_id": "bbf26e02-ba0c-4086-8df3-d169687d7393",
            "image_name": "ubuntu-20.04-server-latest",
            "key_pair": "Adi",
            "metadata": null,
            "name": "tf-web",
            "network": [
              {
                "access_network": false,
                "fixed_ip_v4": "192.168.199.10",
                "fixed_ip_v6": "",
                "floating_ip": "",
                "mac": "fa:16:3e:59:2b:e3",
                "name": "network1",
                "port": "6ea43b5c-9761-49a4-9779-4ea82d54e8ff",
                "uuid": "d029317a-4958-4494-9fee-b5b0f338063b"
              }
            ],
            "network_mode": null,
            "personality": [],
            "power_state": "active",
            "region": "se-sto",
            "scheduler_hints": [],
            "security_groups": [
              "TerraformSG",
              "TerraformSSH",
              "default"
            ],
            "stop_before_destroy": false,
            "tags": null,
            "timeouts": null,
            "user_data": "6e3cb8f97c7abadc17341208610774d4825ed9a1",
            "vendor_options": [],
            "volume": []
          },
          "sensitive_attributes": [],
          "private": "eyJlMmJmYjczMC1lY2FhLTExZTYtOGY4OC0zNDM2M2JjN2M0YzAiOnsiY3JlYXRlIjoxODAwMDAwMDAwMDAwLCJkZWxldGUiOjE4MDAwMDAwMDAwMDAsInVwZGF0ZSI6MTgwMDAwMDAwMDAwMH19",
          "dependencies": [
            "openstack_compute_secgroup_v2.secgroup_1",
            "openstack_compute_secgroup_v2.secgroup_2",
            "openstack_networking_network_v2.network_1",
            "openstack_networking_port_v2.port_1",
            "openstack_networking_subnet_v2.subnet_1"
          ]
        }
      ]
    },
    {
      "mode": "managed",
      "type": "openstack_compute_secgroup_v2",
      "name": "secgroup_1",
      "provider": "provider[\"registry.terraform.io/terraform-provider-openstack/openstack\"]",
      "instances": [
        {
          "schema_version": 0,
          "attributes": {
            "description": "Terraform SG for Port 80 and 443",
            "id": "1ff84fe6-3305-4021-9223-d6f872d79df8",
            "name": "TerraformSG",
            "region": "se-sto",
            "rule": [
              {
                "cidr": "0.0.0.0/0",
                "from_group_id": "",
                "from_port": 443,
                "id": "0815cc5f-7031-464e-9bbd-694577488a64",
                "ip_protocol": "tcp",
                "self": false,
                "to_port": 443
              },
              {
                "cidr": "0.0.0.0/0",
                "from_group_id": "",
                "from_port": 80,
                "id": "9d606671-8cec-4f9a-a44b-2363c268df99",
                "ip_protocol": "tcp",
                "self": false,
                "to_port": 80
              }
            ],
            "timeouts": null
          },
          "sensitive_attributes": [],
          "private": "eyJlMmJmYjczMC1lY2FhLTExZTYtOGY4OC0zNDM2M2JjN2M0YzAiOnsiZGVsZXRlIjo2MDAwMDAwMDAwMDB9fQ=="
        }
      ]
    },
    {
      "mode": "managed",
      "type": "openstack_compute_secgroup_v2",
      "name": "secgroup_2",
      "provider": "provider[\"registry.terraform.io/terraform-provider-openstack/openstack\"]",
      "instances": [
        {
          "schema_version": 0,
          "attributes": {
            "description": "Terraform SH for Port 22",
            "id": "fe6bf3df-8e10-4da1-a590-f68a79ba97e3",
            "name": "TerraformSSH",
            "region": "se-sto",
            "rule": [
              {
                "cidr": "0.0.0.0/0",
                "from_group_id": "",
                "from_port": 22,
                "id": "3d3894c4-3060-4b5d-8d51-c39ffb544aa9",
                "ip_protocol": "tcp",
                "self": false,
                "to_port": 22
              }
            ],
            "timeouts": null
          },
          "sensitive_attributes": [],
          "private": "eyJlMmJmYjczMC1lY2FhLTExZTYtOGY4OC0zNDM2M2JjN2M0YzAiOnsiZGVsZXRlIjo2MDAwMDAwMDAwMDB9fQ=="
        }
      ]
    },
    {
      "mode": "managed",
      "type": "openstack_networking_floatingip_associate_v2",
      "name": "fip_1",
      "provider": "provider[\"registry.terraform.io/terraform-provider-openstack/openstack\"]",
      "instances": [
        {
          "schema_version": 0,
          "attributes": {
            "fixed_ip": "192.168.199.10",
            "floating_ip": "91.197.41.6",
            "id": "ae153e00-3c4e-4e6f-96fd-64165562359a",
            "port_id": "6ea43b5c-9761-49a4-9779-4ea82d54e8ff",
            "region": "se-sto"
          },
          "sensitive_attributes": [],
          "private": "bnVsbA==",
          "dependencies": [
            "openstack_compute_secgroup_v2.secgroup_1",
            "openstack_networking_floatingip_v2.floatip_1",
            "openstack_networking_network_v2.network_1",
            "openstack_networking_port_v2.port_1",
            "openstack_networking_subnet_v2.subnet_1"
          ]
        }
      ]
    },
    {
      "mode": "managed",
      "type": "openstack_networking_floatingip_v2",
      "name": "floatip_1",
      "provider": "provider[\"registry.terraform.io/terraform-provider-openstack/openstack\"]",
      "instances": [
        {
          "schema_version": 0,
          "attributes": {
            "address": "91.197.41.6",
            "all_tags": [],
            "description": "",
            "dns_domain": "",
            "dns_name": "",
            "fixed_ip": "",
            "id": "ae153e00-3c4e-4e6f-96fd-64165562359a",
            "pool": "elx-public1",
            "port_id": "",
            "region": "se-sto",
            "subnet_id": null,
            "tags": null,
            "tenant_id": "624757a6a6834324bbef1ca20dd185d0",
            "timeouts": null,
            "value_specs": null
          },
          "sensitive_attributes": [],
          "private": "eyJlMmJmYjczMC1lY2FhLTExZTYtOGY4OC0zNDM2M2JjN2M0YzAiOnsiY3JlYXRlIjo2MDAwMDAwMDAwMDAsImRlbGV0ZSI6NjAwMDAwMDAwMDAwfX0="
        }
      ]
    },
    {
      "mode": "managed",
      "type": "openstack_networking_network_v2",
      "name": "network_1",
      "provider": "provider[\"registry.terraform.io/terraform-provider-openstack/openstack\"]",
      "instances": [
        {
          "schema_version": 0,
          "attributes": {
            "admin_state_up": true,
            "all_tags": [],
            "availability_zone_hints": [],
            "description": "",
            "dns_domain": "",
            "external": false,
            "id": "d029317a-4958-4494-9fee-b5b0f338063b",
            "mtu": 1500,
            "name": "network1",
            "port_security_enabled": false,
            "qos_policy_id": "",
            "region": "se-sto",
            "segments": [],
            "shared": false,
            "tags": null,
            "tenant_id": "624757a6a6834324bbef1ca20dd185d0",
            "timeouts": null,
            "transparent_vlan": false,
            "value_specs": null
          },
          "sensitive_attributes": [],
          "private": "eyJlMmJmYjczMC1lY2FhLTExZTYtOGY4OC0zNDM2M2JjN2M0YzAiOnsiY3JlYXRlIjo2MDAwMDAwMDAwMDAsImRlbGV0ZSI6NjAwMDAwMDAwMDAwfX0="
        }
      ]
    },
    {
      "mode": "managed",
      "type": "openstack_networking_port_v2",
      "name": "port_1",
      "provider": "provider[\"registry.terraform.io/terraform-provider-openstack/openstack\"]",
      "instances": [
        {
          "schema_version": 0,
          "attributes": {
            "admin_state_up": true,
            "all_fixed_ips": [
              "192.168.199.10"
            ],
            "all_security_group_ids": [
              "1ff84fe6-3305-4021-9223-d6f872d79df8"
            ],
            "all_tags": [],
            "allowed_address_pairs": [],
            "binding": [
              {
                "host_id": "",
                "profile": "null",
                "vif_details": {},
                "vif_type": "",
                "vnic_type": "normal"
              }
            ],
            "description": "",
            "device_id": "",
            "device_owner": "",
            "dns_assignment": [],
            "dns_name": "",
            "extra_dhcp_option": [],
            "fixed_ip": [
              {
                "ip_address": "192.168.199.10",
                "subnet_id": "e1cd6d56-a212-42e5-adc4-a788f5a0e026"
              }
            ],
            "id": "6ea43b5c-9761-49a4-9779-4ea82d54e8ff",
            "mac_address": "fa:16:3e:59:2b:e3",
            "name": "port_1",
            "network_id": "d029317a-4958-4494-9fee-b5b0f338063b",
            "no_fixed_ip": null,
            "no_security_groups": null,
            "port_security_enabled": false,
            "qos_policy_id": "",
            "region": "se-sto",
            "security_group_ids": [
              "1ff84fe6-3305-4021-9223-d6f872d79df8"
            ],
            "tags": null,
            "tenant_id": "624757a6a6834324bbef1ca20dd185d0",
            "timeouts": null,
            "value_specs": null
          },
          "sensitive_attributes": [],
          "private": "eyJlMmJmYjczMC1lY2FhLTExZTYtOGY4OC0zNDM2M2JjN2M0YzAiOnsiY3JlYXRlIjo2MDAwMDAwMDAwMDAsImRlbGV0ZSI6NjAwMDAwMDAwMDAwfX0=",
          "dependencies": [
            "openstack_compute_secgroup_v2.secgroup_1",
            "openstack_networking_network_v2.network_1",
            "openstack_networking_subnet_v2.subnet_1"
          ]
        }
      ]
    },
    {
      "mode": "managed",
      "type": "openstack_networking_router_interface_v2",
      "name": "router_interface_1",
      "provider": "provider[\"registry.terraform.io/terraform-provider-openstack/openstack\"]",
      "instances": [
        {
          "schema_version": 0,
          "attributes": {
            "id": "d03f07b9-00ac-49d2-aca1-d6c4552f1c65",
            "port_id": "d03f07b9-00ac-49d2-aca1-d6c4552f1c65",
            "region": "se-sto",
            "router_id": "907bceb6-2324-4812-8fe1-24d141738af9",
            "subnet_id": "e1cd6d56-a212-42e5-adc4-a788f5a0e026",
            "timeouts": null
          },
          "sensitive_attributes": [],
          "private": "eyJlMmJmYjczMC1lY2FhLTExZTYtOGY4OC0zNDM2M2JjN2M0YzAiOnsiY3JlYXRlIjo2MDAwMDAwMDAwMDAsImRlbGV0ZSI6NjAwMDAwMDAwMDAwfX0=",
          "dependencies": [
            "openstack_networking_network_v2.network_1",
            "openstack_networking_router_v2.router",
            "openstack_networking_subnet_v2.subnet_1"
          ]
        }
      ]
    },
    {
      "mode": "managed",
      "type": "openstack_networking_router_v2",
      "name": "router",
      "provider": "provider[\"registry.terraform.io/terraform-provider-openstack/openstack\"]",
      "instances": [
        {
          "schema_version": 0,
          "attributes": {
            "admin_state_up": true,
            "all_tags": [],
            "availability_zone_hints": [],
            "description": "",
            "distributed": false,
            "enable_snat": true,
            "external_fixed_ip": [
              {
                "ip_address": "91.197.41.45",
                "subnet_id": "38f4da39-06eb-47cb-b655-091ef1b2ca78"
              }
            ],
            "external_gateway": "600b8501-78cb-4155-9c9f-23dfcba88828",
            "external_network_id": "600b8501-78cb-4155-9c9f-23dfcba88828",
            "id": "907bceb6-2324-4812-8fe1-24d141738af9",
            "name": "router1",
            "region": "se-sto",
            "tags": null,
            "tenant_id": "624757a6a6834324bbef1ca20dd185d0",
            "timeouts": null,
            "value_specs": null,
            "vendor_options": []
          },
          "sensitive_attributes": [],
          "private": "eyJlMmJmYjczMC1lY2FhLTExZTYtOGY4OC0zNDM2M2JjN2M0YzAiOnsiY3JlYXRlIjo2MDAwMDAwMDAwMDAsImRlbGV0ZSI6NjAwMDAwMDAwMDAwfX0="
        }
      ]
    },
    {
      "mode": "managed",
      "type": "openstack_networking_subnet_v2",
      "name": "subnet_1",
      "provider": "provider[\"registry.terraform.io/terraform-provider-openstack/openstack\"]",
      "instances": [
        {
          "schema_version": 0,
          "attributes": {
            "all_tags": [],
            "allocation_pool": [
              {
                "end": "192.168.199.254",
                "start": "192.168.199.2"
              }
            ],
            "allocation_pools": [
              {
                "end": "192.168.199.254",
                "start": "192.168.199.2"
              }
            ],
            "cidr": "192.168.199.0/24",
            "description": "",
            "dns_nameservers": [
              "8.8.8.8",
              "8.8.4.4"
            ],
            "enable_dhcp": true,
            "gateway_ip": "192.168.199.1",
            "host_routes": [],
            "id": "e1cd6d56-a212-42e5-adc4-a788f5a0e026",
            "ip_version": 4,
            "ipv6_address_mode": "",
            "ipv6_ra_mode": "",
            "name": "tf_subnet_1",
            "network_id": "d029317a-4958-4494-9fee-b5b0f338063b",
            "no_gateway": false,
            "prefix_length": null,
            "region": "se-sto",
            "subnetpool_id": "",
            "tags": null,
            "tenant_id": "624757a6a6834324bbef1ca20dd185d0",
            "timeouts": null,
            "value_specs": null
          },
          "sensitive_attributes": [],
          "private": "eyJlMmJmYjczMC1lY2FhLTExZTYtOGY4OC0zNDM2M2JjN2M0YzAiOnsiY3JlYXRlIjo2MDAwMDAwMDAwMDAsImRlbGV0ZSI6NjAwMDAwMDAwMDAwfX0=",
          "dependencies": [
            "openstack_networking_network_v2.network_1"
          ]
        }
      ]
    }
  ]
}
