{
  "version": 4,
  "terraform_version": "1.0.8",
  "serial": 929,
  "lineage": "7d7fc215-dd58-d2ee-e6ae-c61a83ce0ba3",
  "outputs": {
    "floating_ip_addresses": {
      "value": "91.197.41.112",
      "type": "string"
    }
  },
  "resources": [
    {
      "mode": "managed",
      "type": "openstack_compute_instance_v2",
      "name": "instance_1",
      "provider": "provider[\"registry.terraform.io/terraform-provider-openstack/openstack\"]",
      "instances": [
        {
          "schema_version": 0,
          "attributes": {
            "access_ip_v4": "192.168.2.9",
            "access_ip_v6": "",
            "admin_pass": null,
            "all_metadata": {
              "sw_webserver_nginx_http_port": "80",
              "sw_webserver_nginx_https_port": "443",
              "sw_webserver_nginx_version": "1.20.0"
            },
            "all_tags": [],
            "availability_zone": "sto3",
            "availability_zone_hints": null,
            "block_device": [],
            "config_drive": null,
            "flavor_id": "7a6a998f-ac7f-4fb8-a534-2175b254f75e",
            "flavor_name": "v1-mini-1",
            "floating_ip": null,
            "force_delete": false,
            "id": "3be05e0d-4275-401b-ad5c-f2799224142e",
            "image_id": "bbf26e02-ba0c-4086-8df3-d169687d7393",
            "image_name": "ubuntu-20.04-server-latest",
            "key_pair": "caelum",
            "metadata": {
              "sw_webserver_nginx_http_port": "80",
              "sw_webserver_nginx_https_port": "443",
              "sw_webserver_nginx_version": "1.20.0"
            },
            "name": "tf-web",
            "network": [
              {
                "access_network": false,
                "fixed_ip_v4": "192.168.2.9",
                "fixed_ip_v6": "",
                "floating_ip": "",
                "mac": "fa:16:3e:53:fb:23",
                "name": "network1",
                "port": "1c652714-fa5a-463c-9670-3e6949a41a46",
                "uuid": "f2400539-4fa8-481c-81ef-5663b2700fe0"
              }
            ],
            "network_mode": null,
            "personality": [],
            "power_state": "active",
            "region": "se-sto",
            "scheduler_hints": [],
            "security_groups": [
              "AnsibleSSH",
              "TerraformSG",
              "default"
            ],
            "stop_before_destroy": false,
            "tags": [],
            "timeouts": null,
            "user_data": "6e3cb8f97c7abadc17341208610774d4825ed9a1",
            "vendor_options": [],
            "volume": []
          },
          "sensitive_attributes": [],
          "private": "eyJlMmJmYjczMC1lY2FhLTExZTYtOGY4OC0zNDM2M2JjN2M0YzAiOnsiY3JlYXRlIjoxODAwMDAwMDAwMDAwLCJkZWxldGUiOjE4MDAwMDAwMDAwMDAsInVwZGF0ZSI6MTgwMDAwMDAwMDAwMH19",
          "dependencies": [
            "openstack_compute_secgroup_v2.secgroup_1",
            "openstack_compute_secgroup_v2.secgroup_2",
            "openstack_networking_port_v2.port_1"
          ]
        }
      ]
    },
    {
      "mode": "managed",
      "type": "openstack_compute_instance_v2",
      "name": "instance_2",
      "provider": "provider[\"registry.terraform.io/terraform-provider-openstack/openstack\"]",
      "instances": [
        {
          "schema_version": 0,
          "attributes": {
            "access_ip_v4": "192.168.1.5",
            "access_ip_v6": "",
            "admin_pass": null,
            "all_metadata": {},
            "all_tags": [],
            "availability_zone": "sto1",
            "availability_zone_hints": null,
            "block_device": [],
            "config_drive": null,
            "flavor_id": "7a6a998f-ac7f-4fb8-a534-2175b254f75e",
            "flavor_name": "v1-mini-1",
            "floating_ip": null,
            "force_delete": false,
            "id": "e5b6f42f-40d0-466c-9edc-0b0767ea12ab",
            "image_id": "bbf26e02-ba0c-4086-8df3-d169687d7393",
            "image_name": "ubuntu-20.04-server-latest",
            "key_pair": "caelum",
            "metadata": null,
            "name": "tf-ansible",
            "network": [
              {
                "access_network": false,
                "fixed_ip_v4": "192.168.1.5",
                "fixed_ip_v6": "",
                "floating_ip": "",
                "mac": "fa:16:3e:cb:eb:02",
                "name": "network1",
                "port": "fa6b2cf2-81f4-4e31-b6a5-bdf87de81827",
                "uuid": "f2400539-4fa8-481c-81ef-5663b2700fe0"
              }
            ],
            "network_mode": null,
            "personality": [],
            "power_state": "active",
            "region": "se-sto",
            "scheduler_hints": [],
            "security_groups": [
              "TerraformSSH",
              "default"
            ],
            "stop_before_destroy": false,
            "tags": [],
            "timeouts": null,
            "user_data": "db480e22a4de65dbbce4aa789c4ef4ea48318a9d",
            "vendor_options": [],
            "volume": []
          },
          "sensitive_attributes": [],
          "private": "eyJlMmJmYjczMC1lY2FhLTExZTYtOGY4OC0zNDM2M2JjN2M0YzAiOnsiY3JlYXRlIjoxODAwMDAwMDAwMDAwLCJkZWxldGUiOjE4MDAwMDAwMDAwMDAsInVwZGF0ZSI6MTgwMDAwMDAwMDAwMH19",
          "dependencies": [
            "openstack_compute_secgroup_v2.secgroup_3",
            "openstack_networking_port_v2.port_2"
          ]
        }
      ]
    },
    {
      "mode": "managed",
      "type": "openstack_compute_secgroup_v2",
      "name": "secgroup_1",
      "provider": "provider[\"registry.terraform.io/terraform-provider-openstack/openstack\"]",
      "instances": [
        {
          "schema_version": 0,
          "attributes": {
            "description": "Terraform SG for Port 80 and 443",
            "id": "52adb5af-8111-4353-a931-11c2b40b30c2",
            "name": "TerraformSG",
            "region": "se-sto",
            "rule": [
              {
                "cidr": "0.0.0.0/0",
                "from_group_id": "",
                "from_port": 443,
                "id": "93ec6cb6-0f5c-478e-a99f-47e4fa742d18",
                "ip_protocol": "tcp",
                "self": false,
                "to_port": 443
              },
              {
                "cidr": "0.0.0.0/0",
                "from_group_id": "",
                "from_port": 80,
                "id": "87899aa6-67b2-4096-b798-c8d992d00b90",
                "ip_protocol": "tcp",
                "self": false,
                "to_port": 80
              }
            ],
            "timeouts": null
          },
          "sensitive_attributes": [],
          "private": "eyJlMmJmYjczMC1lY2FhLTExZTYtOGY4OC0zNDM2M2JjN2M0YzAiOnsiZGVsZXRlIjo2MDAwMDAwMDAwMDB9fQ=="
        }
      ]
    },
    {
      "mode": "managed",
      "type": "openstack_compute_secgroup_v2",
      "name": "secgroup_2",
      "provider": "provider[\"registry.terraform.io/terraform-provider-openstack/openstack\"]",
      "instances": [
        {
          "schema_version": 0,
          "attributes": {
            "description": "Terraform SSH for Port 22",
            "id": "312729fa-6b34-46d1-aa81-4278e4ad575e",
            "name": "AnsibleSSH",
            "region": "se-sto",
            "rule": [
              {
                "cidr": "192.168.1.5/32",
                "from_group_id": "",
                "from_port": 22,
                "id": "59974a3c-ef32-4902-896c-b16c6994d375",
                "ip_protocol": "tcp",
                "self": false,
                "to_port": 22
              }
            ],
            "timeouts": null
          },
          "sensitive_attributes": [],
          "private": "eyJlMmJmYjczMC1lY2FhLTExZTYtOGY4OC0zNDM2M2JjN2M0YzAiOnsiZGVsZXRlIjo2MDAwMDAwMDAwMDB9fQ=="
        }
      ]
    },
    {
      "mode": "managed",
      "type": "openstack_compute_secgroup_v2",
      "name": "secgroup_3",
      "provider": "provider[\"registry.terraform.io/terraform-provider-openstack/openstack\"]",
      "instances": [
        {
          "schema_version": 0,
          "attributes": {
            "description": "Terraform SSH for Port 22",
            "id": "3c77f251-8cef-42d2-92fc-2b2a00ad6dd4",
            "name": "TerraformSSH",
            "region": "se-sto",
            "rule": [
              {
                "cidr": "0.0.0.0/0",
                "from_group_id": "",
                "from_port": 22,
                "id": "dc57eddf-2ed5-4956-ba8e-6181fa3e1ca1",
                "ip_protocol": "tcp",
                "self": false,
                "to_port": 22
              }
            ],
            "timeouts": null
          },
          "sensitive_attributes": [],
          "private": "eyJlMmJmYjczMC1lY2FhLTExZTYtOGY4OC0zNDM2M2JjN2M0YzAiOnsiZGVsZXRlIjo2MDAwMDAwMDAwMDB9fQ=="
        }
      ]
    },
    {
      "mode": "managed",
      "type": "openstack_networking_floatingip_associate_v2",
      "name": "fip_1",
      "provider": "provider[\"registry.terraform.io/terraform-provider-openstack/openstack\"]",
      "instances": [
        {
          "schema_version": 0,
          "attributes": {
            "fixed_ip": "192.168.2.9",
            "floating_ip": "91.197.41.86",
            "id": "e49fd644-0f9c-4fab-ab05-9b0e4d8a004b",
            "port_id": "1c652714-fa5a-463c-9670-3e6949a41a46",
            "region": "se-sto"
          },
          "sensitive_attributes": [],
          "private": "bnVsbA==",
          "dependencies": [
            "openstack_networking_floatingip_v2.floatip_2",
            "openstack_networking_network_v2.network_1",
            "openstack_networking_port_v2.port_1",
            "openstack_networking_subnet_v2.subnet_2"
          ]
        }
      ]
    },
    {
      "mode": "managed",
      "type": "openstack_networking_floatingip_associate_v2",
      "name": "fip_2",
      "provider": "provider[\"registry.terraform.io/terraform-provider-openstack/openstack\"]",
      "instances": [
        {
          "schema_version": 0,
          "attributes": {
            "fixed_ip": "192.168.1.5",
            "floating_ip": "91.197.41.112",
            "id": "7d5fa5a7-8933-47f0-aec4-77da4589b939",
            "port_id": "fa6b2cf2-81f4-4e31-b6a5-bdf87de81827",
            "region": "se-sto"
          },
          "sensitive_attributes": [],
          "private": "bnVsbA==",
          "dependencies": [
            "openstack_networking_subnet_v2.subnet_1",
            "openstack_networking_floatingip_v2.floatip_1",
            "openstack_networking_network_v2.network_1",
            "openstack_networking_port_v2.port_2"
          ]
        }
      ]
    },
    {
      "mode": "managed",
      "type": "openstack_networking_floatingip_v2",
      "name": "floatip_1",
      "provider": "provider[\"registry.terraform.io/terraform-provider-openstack/openstack\"]",
      "instances": [
        {
          "schema_version": 0,
          "attributes": {
            "address": "91.197.41.112",
            "all_tags": [],
            "description": "",
            "dns_domain": "",
            "dns_name": "",
            "fixed_ip": "192.168.1.5",
            "id": "7d5fa5a7-8933-47f0-aec4-77da4589b939",
            "pool": "elx-public1",
            "port_id": "fa6b2cf2-81f4-4e31-b6a5-bdf87de81827",
            "region": "se-sto",
            "subnet_id": null,
            "tags": [],
            "tenant_id": "624757a6a6834324bbef1ca20dd185d0",
            "timeouts": null,
            "value_specs": null
          },
          "sensitive_attributes": [],
          "private": "eyJlMmJmYjczMC1lY2FhLTExZTYtOGY4OC0zNDM2M2JjN2M0YzAiOnsiY3JlYXRlIjo2MDAwMDAwMDAwMDAsImRlbGV0ZSI6NjAwMDAwMDAwMDAwfX0="
        }
      ]
    },
    {
      "mode": "managed",
      "type": "openstack_networking_floatingip_v2",
      "name": "floatip_2",
      "provider": "provider[\"registry.terraform.io/terraform-provider-openstack/openstack\"]",
      "instances": [
        {
          "schema_version": 0,
          "attributes": {
            "address": "91.197.41.86",
            "all_tags": [],
            "description": "",
            "dns_domain": "",
            "dns_name": "",
            "fixed_ip": "192.168.2.9",
            "id": "e49fd644-0f9c-4fab-ab05-9b0e4d8a004b",
            "pool": "elx-public1",
            "port_id": "1c652714-fa5a-463c-9670-3e6949a41a46",
            "region": "se-sto",
            "subnet_id": null,
            "tags": [],
            "tenant_id": "624757a6a6834324bbef1ca20dd185d0",
            "timeouts": null,
            "value_specs": null
          },
          "sensitive_attributes": [],
          "private": "eyJlMmJmYjczMC1lY2FhLTExZTYtOGY4OC0zNDM2M2JjN2M0YzAiOnsiY3JlYXRlIjo2MDAwMDAwMDAwMDAsImRlbGV0ZSI6NjAwMDAwMDAwMDAwfX0="
        }
      ]
    },
    {
      "mode": "managed",
      "type": "openstack_networking_network_v2",
      "name": "network_1",
      "provider": "provider[\"registry.terraform.io/terraform-provider-openstack/openstack\"]",
      "instances": [
        {
          "schema_version": 0,
          "attributes": {
            "admin_state_up": true,
            "all_tags": [],
            "availability_zone_hints": [],
            "description": "",
            "dns_domain": "",
            "external": false,
            "id": "f2400539-4fa8-481c-81ef-5663b2700fe0",
            "mtu": 1500,
            "name": "network1",
            "port_security_enabled": false,
            "qos_policy_id": "",
            "region": "se-sto",
            "segments": [],
            "shared": false,
            "tags": [],
            "tenant_id": "624757a6a6834324bbef1ca20dd185d0",
            "timeouts": null,
            "transparent_vlan": false,
            "value_specs": null
          },
          "sensitive_attributes": [],
          "private": "eyJlMmJmYjczMC1lY2FhLTExZTYtOGY4OC0zNDM2M2JjN2M0YzAiOnsiY3JlYXRlIjo2MDAwMDAwMDAwMDAsImRlbGV0ZSI6NjAwMDAwMDAwMDAwfX0="
        }
      ]
    },
    {
      "mode": "managed",
      "type": "openstack_networking_port_v2",
      "name": "port_1",
      "provider": "provider[\"registry.terraform.io/terraform-provider-openstack/openstack\"]",
      "instances": [
        {
          "schema_version": 0,
          "attributes": {
            "admin_state_up": true,
            "all_fixed_ips": [
              "192.168.2.9"
            ],
            "all_security_group_ids": [
              "2d165a83-e0c7-4857-800a-8f2701aee5db"
            ],
            "all_tags": [],
            "allowed_address_pairs": [],
            "binding": [
              {
                "host_id": "",
                "profile": "null",
                "vif_details": {},
                "vif_type": "",
                "vnic_type": "normal"
              }
            ],
            "description": "",
            "device_id": "3be05e0d-4275-401b-ad5c-f2799224142e",
            "device_owner": "compute:sto3",
            "dns_assignment": [],
            "dns_name": "",
            "extra_dhcp_option": [],
            "fixed_ip": [
              {
                "ip_address": "",
                "subnet_id": "459191fd-27a7-4b6e-8947-b0798d7e75b8"
              }
            ],
            "id": "1c652714-fa5a-463c-9670-3e6949a41a46",
            "mac_address": "fa:16:3e:53:fb:23",
            "name": "port_1",
            "network_id": "f2400539-4fa8-481c-81ef-5663b2700fe0",
            "no_fixed_ip": null,
            "no_security_groups": null,
            "port_security_enabled": false,
            "qos_policy_id": "",
            "region": "se-sto",
            "security_group_ids": null,
            "tags": [],
            "tenant_id": "624757a6a6834324bbef1ca20dd185d0",
            "timeouts": null,
            "value_specs": null
          },
          "sensitive_attributes": [],
          "private": "eyJlMmJmYjczMC1lY2FhLTExZTYtOGY4OC0zNDM2M2JjN2M0YzAiOnsiY3JlYXRlIjo2MDAwMDAwMDAwMDAsImRlbGV0ZSI6NjAwMDAwMDAwMDAwfX0=",
          "dependencies": [
            "openstack_networking_network_v2.network_1",
            "openstack_networking_subnet_v2.subnet_2"
          ]
        }
      ]
    },
    {
      "mode": "managed",
      "type": "openstack_networking_port_v2",
      "name": "port_2",
      "provider": "provider[\"registry.terraform.io/terraform-provider-openstack/openstack\"]",
      "instances": [
        {
          "schema_version": 0,
          "attributes": {
            "admin_state_up": true,
            "all_fixed_ips": [
              "192.168.1.5"
            ],
            "all_security_group_ids": [
              "2d165a83-e0c7-4857-800a-8f2701aee5db"
            ],
            "all_tags": [],
            "allowed_address_pairs": [],
            "binding": [
              {
                "host_id": "",
                "profile": "null",
                "vif_details": {},
                "vif_type": "",
                "vnic_type": "normal"
              }
            ],
            "description": "",
            "device_id": "e5b6f42f-40d0-466c-9edc-0b0767ea12ab",
            "device_owner": "compute:sto1",
            "dns_assignment": [],
            "dns_name": "",
            "extra_dhcp_option": [],
            "fixed_ip": [
              {
                "ip_address": "192.168.1.5",
                "subnet_id": "be80788e-24bd-440f-ac9d-4606e533ed65"
              }
            ],
            "id": "fa6b2cf2-81f4-4e31-b6a5-bdf87de81827",
            "mac_address": "fa:16:3e:cb:eb:02",
            "name": "port_2",
            "network_id": "f2400539-4fa8-481c-81ef-5663b2700fe0",
            "no_fixed_ip": null,
            "no_security_groups": null,
            "port_security_enabled": false,
            "qos_policy_id": "",
            "region": "se-sto",
            "security_group_ids": null,
            "tags": [],
            "tenant_id": "624757a6a6834324bbef1ca20dd185d0",
            "timeouts": null,
            "value_specs": null
          },
          "sensitive_attributes": [],
          "private": "eyJlMmJmYjczMC1lY2FhLTExZTYtOGY4OC0zNDM2M2JjN2M0YzAiOnsiY3JlYXRlIjo2MDAwMDAwMDAwMDAsImRlbGV0ZSI6NjAwMDAwMDAwMDAwfX0=",
          "dependencies": [
            "openstack_networking_network_v2.network_1",
            "openstack_networking_subnet_v2.subnet_1"
          ]
        }
      ]
    },
    {
      "mode": "managed",
      "type": "openstack_networking_router_interface_v2",
      "name": "router_interface_1",
      "provider": "provider[\"registry.terraform.io/terraform-provider-openstack/openstack\"]",
      "instances": [
        {
          "schema_version": 0,
          "attributes": {
            "id": "ab55e10f-2b83-4d3f-88c5-eae049589284",
            "port_id": "ab55e10f-2b83-4d3f-88c5-eae049589284",
            "region": "se-sto",
            "router_id": "912742e6-ba02-46a2-8bf2-18910e081899",
            "subnet_id": "be80788e-24bd-440f-ac9d-4606e533ed65",
            "timeouts": null
          },
          "sensitive_attributes": [],
          "private": "eyJlMmJmYjczMC1lY2FhLTExZTYtOGY4OC0zNDM2M2JjN2M0YzAiOnsiY3JlYXRlIjo2MDAwMDAwMDAwMDAsImRlbGV0ZSI6NjAwMDAwMDAwMDAwfX0=",
          "dependencies": [
            "openstack_networking_network_v2.network_1",
            "openstack_networking_router_v2.router",
            "openstack_networking_subnet_v2.subnet_1"
          ]
        }
      ]
    },
    {
      "mode": "managed",
      "type": "openstack_networking_router_interface_v2",
      "name": "router_interface_2",
      "provider": "provider[\"registry.terraform.io/terraform-provider-openstack/openstack\"]",
      "instances": [
        {
          "schema_version": 0,
          "attributes": {
            "id": "951b1bea-2424-43a4-a88e-6516d3fc1482",
            "port_id": "951b1bea-2424-43a4-a88e-6516d3fc1482",
            "region": "se-sto",
            "router_id": "912742e6-ba02-46a2-8bf2-18910e081899",
            "subnet_id": "459191fd-27a7-4b6e-8947-b0798d7e75b8",
            "timeouts": null
          },
          "sensitive_attributes": [],
          "private": "eyJlMmJmYjczMC1lY2FhLTExZTYtOGY4OC0zNDM2M2JjN2M0YzAiOnsiY3JlYXRlIjo2MDAwMDAwMDAwMDAsImRlbGV0ZSI6NjAwMDAwMDAwMDAwfX0=",
          "dependencies": [
            "openstack_networking_network_v2.network_1",
            "openstack_networking_router_v2.router",
            "openstack_networking_subnet_v2.subnet_2"
          ]
        }
      ]
    },
    {
      "mode": "managed",
      "type": "openstack_networking_router_v2",
      "name": "router",
      "provider": "provider[\"registry.terraform.io/terraform-provider-openstack/openstack\"]",
      "instances": [
        {
          "schema_version": 0,
          "attributes": {
            "admin_state_up": true,
            "all_tags": [],
            "availability_zone_hints": [],
            "description": "",
            "distributed": false,
            "enable_snat": true,
            "external_fixed_ip": [
              {
                "ip_address": "91.197.41.107",
                "subnet_id": "38f4da39-06eb-47cb-b655-091ef1b2ca78"
              }
            ],
            "external_gateway": "600b8501-78cb-4155-9c9f-23dfcba88828",
            "external_network_id": "600b8501-78cb-4155-9c9f-23dfcba88828",
            "id": "912742e6-ba02-46a2-8bf2-18910e081899",
            "name": "router1",
            "region": "se-sto",
            "tags": [],
            "tenant_id": "624757a6a6834324bbef1ca20dd185d0",
            "timeouts": null,
            "value_specs": null,
            "vendor_options": []
          },
          "sensitive_attributes": [],
          "private": "eyJlMmJmYjczMC1lY2FhLTExZTYtOGY4OC0zNDM2M2JjN2M0YzAiOnsiY3JlYXRlIjo2MDAwMDAwMDAwMDAsImRlbGV0ZSI6NjAwMDAwMDAwMDAwfX0="
        }
      ]
    },
    {
      "mode": "managed",
      "type": "openstack_networking_subnet_v2",
      "name": "subnet_1",
      "provider": "provider[\"registry.terraform.io/terraform-provider-openstack/openstack\"]",
      "instances": [
        {
          "schema_version": 0,
          "attributes": {
            "all_tags": [],
            "allocation_pool": [
              {
                "end": "192.168.1.254",
                "start": "192.168.1.2"
              }
            ],
            "allocation_pools": [
              {
                "end": "192.168.1.254",
                "start": "192.168.1.2"
              }
            ],
            "cidr": "192.168.1.0/24",
            "description": "",
            "dns_nameservers": [
              "8.8.8.8",
              "8.8.4.4"
            ],
            "enable_dhcp": true,
            "gateway_ip": "192.168.1.1",
            "host_routes": [],
            "id": "be80788e-24bd-440f-ac9d-4606e533ed65",
            "ip_version": 4,
            "ipv6_address_mode": "",
            "ipv6_ra_mode": "",
            "name": "IT_subnet",
            "network_id": "f2400539-4fa8-481c-81ef-5663b2700fe0",
            "no_gateway": false,
            "prefix_length": null,
            "region": "se-sto",
            "subnetpool_id": "",
            "tags": [],
            "tenant_id": "624757a6a6834324bbef1ca20dd185d0",
            "timeouts": null,
            "value_specs": null
          },
          "sensitive_attributes": [],
          "private": "eyJlMmJmYjczMC1lY2FhLTExZTYtOGY4OC0zNDM2M2JjN2M0YzAiOnsiY3JlYXRlIjo2MDAwMDAwMDAwMDAsImRlbGV0ZSI6NjAwMDAwMDAwMDAwfX0=",
          "dependencies": [
            "openstack_networking_network_v2.network_1"
          ]
        }
      ]
    },
    {
      "mode": "managed",
      "type": "openstack_networking_subnet_v2",
      "name": "subnet_2",
      "provider": "provider[\"registry.terraform.io/terraform-provider-openstack/openstack\"]",
      "instances": [
        {
          "schema_version": 0,
          "attributes": {
            "all_tags": [],
            "allocation_pool": [
              {
                "end": "192.168.2.254",
                "start": "192.168.2.2"
              }
            ],
            "allocation_pools": [
              {
                "end": "192.168.2.254",
                "start": "192.168.2.2"
              }
            ],
            "cidr": "192.168.2.0/24",
            "description": "",
            "dns_nameservers": [
              "8.8.8.8",
              "8.8.4.4"
            ],
            "enable_dhcp": true,
            "gateway_ip": "192.168.2.1",
            "host_routes": [],
            "id": "459191fd-27a7-4b6e-8947-b0798d7e75b8",
            "ip_version": 4,
            "ipv6_address_mode": "",
            "ipv6_ra_mode": "",
            "name": "dmz_subnet",
            "network_id": "f2400539-4fa8-481c-81ef-5663b2700fe0",
            "no_gateway": false,
            "prefix_length": null,
            "region": "se-sto",
            "subnetpool_id": "",
            "tags": [],
            "tenant_id": "624757a6a6834324bbef1ca20dd185d0",
            "timeouts": null,
            "value_specs": null
          },
          "sensitive_attributes": [],
          "private": "eyJlMmJmYjczMC1lY2FhLTExZTYtOGY4OC0zNDM2M2JjN2M0YzAiOnsiY3JlYXRlIjo2MDAwMDAwMDAwMDAsImRlbGV0ZSI6NjAwMDAwMDAwMDAwfX0=",
          "dependencies": [
            "openstack_networking_network_v2.network_1"
          ]
        }
      ]
    },
    {
      "mode": "managed",
      "type": "openstack_networking_subnet_v2",
      "name": "subnet_3",
      "provider": "provider[\"registry.terraform.io/terraform-provider-openstack/openstack\"]",
      "instances": [
        {
          "schema_version": 0,
          "attributes": {
            "all_tags": [],
            "allocation_pool": [
              {
                "end": "192.168.5.254",
                "start": "192.168.5.2"
              }
            ],
            "allocation_pools": [
              {
                "end": "192.168.5.254",
                "start": "192.168.5.2"
              }
            ],
            "cidr": "192.168.5.0/24",
            "description": "",
            "dns_nameservers": [
              "8.8.8.8",
              "8.8.4.4"
            ],
            "enable_dhcp": true,
            "gateway_ip": "192.168.5.1",
            "host_routes": [],
            "id": "b335976a-4802-4ea9-8c8f-4a5d9496d329",
            "ip_version": 4,
            "ipv6_address_mode": "",
            "ipv6_ra_mode": "",
            "name": "HRFIN_subnet",
            "network_id": "f2400539-4fa8-481c-81ef-5663b2700fe0",
            "no_gateway": false,
            "prefix_length": null,
            "region": "se-sto",
            "subnetpool_id": "",
            "tags": [],
            "tenant_id": "624757a6a6834324bbef1ca20dd185d0",
            "timeouts": null,
            "value_specs": null
          },
          "sensitive_attributes": [],
          "private": "eyJlMmJmYjczMC1lY2FhLTExZTYtOGY4OC0zNDM2M2JjN2M0YzAiOnsiY3JlYXRlIjo2MDAwMDAwMDAwMDAsImRlbGV0ZSI6NjAwMDAwMDAwMDAwfX0=",
          "dependencies": [
            "openstack_networking_network_v2.network_1"
          ]
        }
      ]
    },
    {
      "mode": "managed",
      "type": "openstack_networking_subnet_v2",
      "name": "subnet_4",
      "provider": "provider[\"registry.terraform.io/terraform-provider-openstack/openstack\"]",
      "instances": [
        {
          "schema_version": 0,
          "attributes": {
            "all_tags": [],
            "allocation_pool": [
              {
                "end": "192.168.3.254",
                "start": "192.168.3.2"
              }
            ],
            "allocation_pools": [
              {
                "end": "192.168.3.254",
                "start": "192.168.3.2"
              }
            ],
            "cidr": "192.168.3.0/24",
            "description": "",
            "dns_nameservers": [
              "8.8.8.8",
              "8.8.4.4"
            ],
            "enable_dhcp": true,
            "gateway_ip": "192.168.3.1",
            "host_routes": [],
            "id": "897da43d-67f9-439f-b249-c61408fc6647",
            "ip_version": 4,
            "ipv6_address_mode": "",
            "ipv6_ra_mode": "",
            "name": "RND_subnet",
            "network_id": "f2400539-4fa8-481c-81ef-5663b2700fe0",
            "no_gateway": false,
            "prefix_length": null,
            "region": "se-sto",
            "subnetpool_id": "",
            "tags": [],
            "tenant_id": "624757a6a6834324bbef1ca20dd185d0",
            "timeouts": null,
            "value_specs": null
          },
          "sensitive_attributes": [],
          "private": "eyJlMmJmYjczMC1lY2FhLTExZTYtOGY4OC0zNDM2M2JjN2M0YzAiOnsiY3JlYXRlIjo2MDAwMDAwMDAwMDAsImRlbGV0ZSI6NjAwMDAwMDAwMDAwfX0=",
          "dependencies": [
            "openstack_networking_network_v2.network_1"
          ]
        }
      ]
    }
  ]
}
