{
  "version": 4,
  "terraform_version": "1.0.8",
  "serial": 880,
  "lineage": "7d7fc215-dd58-d2ee-e6ae-c61a83ce0ba3",
  "outputs": {
    "floating_ip_addresses": {
      "value": "91.197.41.39",
      "type": "string"
    }
  },
  "resources": [
    {
      "mode": "managed",
      "type": "openstack_blockstorage_volume_v3",
      "name": "volume_1",
      "provider": "provider[\"registry.terraform.io/terraform-provider-openstack/openstack\"]",
      "instances": [
        {
          "schema_version": 0,
          "attributes": {
            "attachment": [],
            "availability_zone": "sto1",
            "consistency_group_id": null,
            "description": "Cloudstorage",
            "enable_online_resize": null,
            "id": "1dc43e01-b9f0-4c55-8d6f-5d9abb3a7387",
            "image_id": null,
            "metadata": {},
            "multiattach": null,
            "name": "volume_1",
            "region": "se-sto",
            "scheduler_hints": [],
            "size": 10,
            "snapshot_id": "",
            "source_replica": null,
            "source_vol_id": "",
            "timeouts": null,
            "volume_type": "4k-IOPS"
          },
          "sensitive_attributes": [],
          "private": "eyJlMmJmYjczMC1lY2FhLTExZTYtOGY4OC0zNDM2M2JjN2M0YzAiOnsiY3JlYXRlIjo2MDAwMDAwMDAwMDAsImRlbGV0ZSI6NjAwMDAwMDAwMDAwfX0="
        }
      ]
    },
    {
      "mode": "managed",
      "type": "openstack_blockstorage_volume_v3",
      "name": "volume_1_backup",
      "provider": "provider[\"registry.terraform.io/terraform-provider-openstack/openstack\"]",
      "instances": [
        {
          "schema_version": 0,
          "attributes": {
            "attachment": [],
            "availability_zone": "sto1",
            "consistency_group_id": null,
            "description": "Cloudstorage_backup",
            "enable_online_resize": null,
            "id": "ab9bf635-80f7-42f5-9b83-86449999990b",
            "image_id": null,
            "metadata": {},
            "multiattach": null,
            "name": "volume_1_backup",
            "region": "se-sto",
            "scheduler_hints": [],
            "size": 10,
            "snapshot_id": "",
            "source_replica": null,
            "source_vol_id": "",
            "timeouts": null,
            "volume_type": "4k-IOPS"
          },
          "sensitive_attributes": [],
          "private": "eyJlMmJmYjczMC1lY2FhLTExZTYtOGY4OC0zNDM2M2JjN2M0YzAiOnsiY3JlYXRlIjo2MDAwMDAwMDAwMDAsImRlbGV0ZSI6NjAwMDAwMDAwMDAwfX0="
        }
      ]
    },
    {
      "mode": "managed",
      "type": "openstack_compute_instance_v2",
      "name": "cloudstorageserver_1",
      "provider": "provider[\"registry.terraform.io/terraform-provider-openstack/openstack\"]",
      "instances": [
        {
          "schema_version": 0,
          "attributes": {
            "access_ip_v4": "192.168.199.10",
            "access_ip_v6": "",
            "admin_pass": null,
            "all_metadata": {},
            "all_tags": [],
            "availability_zone": "sto1",
            "availability_zone_hints": null,
            "block_device": [],
            "config_drive": null,
            "flavor_id": "7a6a998f-ac7f-4fb8-a534-2175b254f75e",
            "flavor_name": "v1-mini-1",
            "floating_ip": null,
            "force_delete": false,
            "id": "6af8be3c-6f77-4908-aa8b-a2ac2366e293",
            "image_id": "bbf26e02-ba0c-4086-8df3-d169687d7393",
            "image_name": "ubuntu-20.04-server-latest",
            "key_pair": "caelum",
            "metadata": null,
            "name": "cloudstorageserver_1",
            "network": [
              {
                "access_network": false,
                "fixed_ip_v4": "192.168.199.10",
                "fixed_ip_v6": "",
                "floating_ip": "",
                "mac": "fa:16:3e:49:a6:85",
                "name": "network1",
                "port": "b39a7e1b-1206-4e59-beed-6b3752f7842b",
                "uuid": "a4d46d08-c522-4362-ae87-b653c8098a09"
              }
            ],
            "network_mode": null,
            "personality": [],
            "power_state": "active",
            "region": "se-sto",
            "scheduler_hints": [],
            "security_groups": [
              "TerraformSG",
              "TerraformSSH",
              "default"
            ],
            "stop_before_destroy": false,
            "tags": null,
            "timeouts": null,
            "user_data": "45ee705913583453f0e72b172a22b0b294b7b921",
            "vendor_options": [],
            "volume": []
          },
          "sensitive_attributes": [],
          "private": "eyJlMmJmYjczMC1lY2FhLTExZTYtOGY4OC0zNDM2M2JjN2M0YzAiOnsiY3JlYXRlIjoxODAwMDAwMDAwMDAwLCJkZWxldGUiOjE4MDAwMDAwMDAwMDAsInVwZGF0ZSI6MTgwMDAwMDAwMDAwMH19",
          "dependencies": [
            "openstack_compute_secgroup_v2.secgroup_1",
            "openstack_compute_secgroup_v2.secgroup_2",
            "openstack_networking_network_v2.network_1",
            "openstack_networking_port_v2.port_1",
            "openstack_networking_subnet_v2.subnet_1"
          ]
        }
      ]
    },
    {
      "mode": "managed",
      "type": "openstack_compute_instance_v2",
      "name": "instance_2",
      "provider": "provider[\"registry.terraform.io/terraform-provider-openstack/openstack\"]",
      "instances": [
        {
          "schema_version": 0,
          "attributes": {
            "access_ip_v4": "192.168.199.11",
            "access_ip_v6": "",
            "admin_pass": null,
            "all_metadata": {},
            "all_tags": [],
            "availability_zone": "sto2",
            "availability_zone_hints": null,
            "block_device": [],
            "config_drive": null,
            "flavor_id": "7a6a998f-ac7f-4fb8-a534-2175b254f75e",
            "flavor_name": "v1-mini-1",
            "floating_ip": null,
            "force_delete": false,
            "id": "75f21992-141c-403f-9753-6aa33ccb53b9",
            "image_id": "bbf26e02-ba0c-4086-8df3-d169687d7393",
            "image_name": "ubuntu-20.04-server-latest",
            "key_pair": "caelum",
            "metadata": null,
            "name": "jitsihost",
            "network": [
              {
                "access_network": false,
                "fixed_ip_v4": "192.168.199.11",
                "fixed_ip_v6": "",
                "floating_ip": "",
                "mac": "fa:16:3e:52:6e:6c",
                "name": "network1",
                "port": "8196ac6e-c869-4aec-b87a-79ccf4f67d9f",
                "uuid": "a4d46d08-c522-4362-ae87-b653c8098a09"
              }
            ],
            "network_mode": null,
            "personality": [],
            "power_state": "active",
            "region": "se-sto",
            "scheduler_hints": [],
            "security_groups": [
              "TerraformSG",
              "TerraformSSH",
              "default"
            ],
            "stop_before_destroy": false,
            "tags": null,
            "timeouts": null,
            "user_data": "2a579269806ff159b5c2751cb79d22951b366e55",
            "vendor_options": [],
            "volume": []
          },
          "sensitive_attributes": [],
          "private": "eyJlMmJmYjczMC1lY2FhLTExZTYtOGY4OC0zNDM2M2JjN2M0YzAiOnsiY3JlYXRlIjoxODAwMDAwMDAwMDAwLCJkZWxldGUiOjE4MDAwMDAwMDAwMDAsInVwZGF0ZSI6MTgwMDAwMDAwMDAwMH19",
          "dependencies": [
            "openstack_compute_secgroup_v2.secgroup_1",
            "openstack_compute_secgroup_v2.secgroup_2",
            "openstack_networking_floatingip_v2.floatip_2",
            "openstack_networking_network_v2.network_1",
            "openstack_networking_port_v2.port_2",
            "openstack_networking_subnet_v2.subnet_1"
          ]
        }
      ]
    },
    {
      "mode": "managed",
      "type": "openstack_compute_secgroup_v2",
      "name": "secgroup_1",
      "provider": "provider[\"registry.terraform.io/terraform-provider-openstack/openstack\"]",
      "instances": [
        {
          "schema_version": 0,
          "attributes": {
            "description": "Terraform SG for Port 80 and 443",
            "id": "571295b9-6a5c-4672-8746-065ead495016",
            "name": "TerraformSG",
            "region": "se-sto",
            "rule": [
              {
                "cidr": "0.0.0.0/0",
                "from_group_id": "",
                "from_port": 443,
                "id": "370b87c8-5fd5-46e9-9a0f-5d6adad37197",
                "ip_protocol": "tcp",
                "self": false,
                "to_port": 443
              },
              {
                "cidr": "0.0.0.0/0",
                "from_group_id": "",
                "from_port": 80,
                "id": "81c0e15c-172d-406a-a56b-317af494f2f8",
                "ip_protocol": "tcp",
                "self": false,
                "to_port": 80
              }
            ],
            "timeouts": null
          },
          "sensitive_attributes": [],
          "private": "eyJlMmJmYjczMC1lY2FhLTExZTYtOGY4OC0zNDM2M2JjN2M0YzAiOnsiZGVsZXRlIjo2MDAwMDAwMDAwMDB9fQ=="
        }
      ]
    },
    {
      "mode": "managed",
      "type": "openstack_compute_secgroup_v2",
      "name": "secgroup_2",
      "provider": "provider[\"registry.terraform.io/terraform-provider-openstack/openstack\"]",
      "instances": [
        {
          "schema_version": 0,
          "attributes": {
            "description": "Terraform SH for Port 22",
            "id": "3077861d-b6a4-4a09-8365-a04b8659e72a",
            "name": "TerraformSSH",
            "region": "se-sto",
            "rule": [
              {
                "cidr": "0.0.0.0/0",
                "from_group_id": "",
                "from_port": 22,
                "id": "62e7f45b-ab89-4a5c-a677-3ab0ff4d2ba4",
                "ip_protocol": "tcp",
                "self": false,
                "to_port": 22
              }
            ],
            "timeouts": null
          },
          "sensitive_attributes": [],
          "private": "eyJlMmJmYjczMC1lY2FhLTExZTYtOGY4OC0zNDM2M2JjN2M0YzAiOnsiZGVsZXRlIjo2MDAwMDAwMDAwMDB9fQ=="
        }
      ]
    },
    {
      "mode": "managed",
      "type": "openstack_compute_volume_attach_v2",
      "name": "attach_1",
      "provider": "provider[\"registry.terraform.io/terraform-provider-openstack/openstack\"]",
      "instances": [
        {
          "schema_version": 0,
          "attributes": {
            "device": "/dev/vdc",
            "id": "6af8be3c-6f77-4908-aa8b-a2ac2366e293/1dc43e01-b9f0-4c55-8d6f-5d9abb3a7387",
            "instance_id": "6af8be3c-6f77-4908-aa8b-a2ac2366e293",
            "multiattach": null,
            "region": "se-sto",
            "timeouts": null,
            "vendor_options": [],
            "volume_id": "1dc43e01-b9f0-4c55-8d6f-5d9abb3a7387"
          },
          "sensitive_attributes": [],
          "private": "eyJlMmJmYjczMC1lY2FhLTExZTYtOGY4OC0zNDM2M2JjN2M0YzAiOnsiY3JlYXRlIjo2MDAwMDAwMDAwMDAsImRlbGV0ZSI6NjAwMDAwMDAwMDAwfX0=",
          "dependencies": [
            "openstack_blockstorage_volume_v3.volume_1",
            "openstack_compute_instance_v2.cloudstorageserver_1",
            "openstack_compute_secgroup_v2.secgroup_1",
            "openstack_compute_secgroup_v2.secgroup_2",
            "openstack_networking_network_v2.network_1",
            "openstack_networking_port_v2.port_1",
            "openstack_networking_subnet_v2.subnet_1"
          ]
        }
      ]
    },
    {
      "mode": "managed",
      "type": "openstack_compute_volume_attach_v2",
      "name": "attach_2",
      "provider": "provider[\"registry.terraform.io/terraform-provider-openstack/openstack\"]",
      "instances": [
        {
          "schema_version": 0,
          "attributes": {
            "device": "/dev/vdb",
            "id": "6af8be3c-6f77-4908-aa8b-a2ac2366e293/ab9bf635-80f7-42f5-9b83-86449999990b",
            "instance_id": "6af8be3c-6f77-4908-aa8b-a2ac2366e293",
            "multiattach": null,
            "region": "se-sto",
            "timeouts": null,
            "vendor_options": [],
            "volume_id": "ab9bf635-80f7-42f5-9b83-86449999990b"
          },
          "sensitive_attributes": [],
          "private": "eyJlMmJmYjczMC1lY2FhLTExZTYtOGY4OC0zNDM2M2JjN2M0YzAiOnsiY3JlYXRlIjo2MDAwMDAwMDAwMDAsImRlbGV0ZSI6NjAwMDAwMDAwMDAwfX0=",
          "dependencies": [
            "openstack_blockstorage_volume_v3.volume_1_backup",
            "openstack_compute_instance_v2.cloudstorageserver_1",
            "openstack_compute_secgroup_v2.secgroup_1",
            "openstack_compute_secgroup_v2.secgroup_2",
            "openstack_networking_network_v2.network_1",
            "openstack_networking_port_v2.port_1",
            "openstack_networking_subnet_v2.subnet_1"
          ]
        }
      ]
    },
    {
      "mode": "managed",
      "type": "openstack_networking_floatingip_associate_v2",
      "name": "fip_1",
      "provider": "provider[\"registry.terraform.io/terraform-provider-openstack/openstack\"]",
      "instances": [
        {
          "schema_version": 0,
          "attributes": {
            "fixed_ip": "192.168.199.10",
            "floating_ip": "91.197.41.39",
            "id": "aea98c0e-7ece-465e-9246-f81ded9bbb67",
            "port_id": "b39a7e1b-1206-4e59-beed-6b3752f7842b",
            "region": "se-sto"
          },
          "sensitive_attributes": [],
          "private": "bnVsbA==",
          "dependencies": [
            "openstack_compute_secgroup_v2.secgroup_1",
            "openstack_networking_floatingip_v2.floatip_1",
            "openstack_networking_network_v2.network_1",
            "openstack_networking_port_v2.port_1",
            "openstack_networking_subnet_v2.subnet_1"
          ]
        }
      ]
    },
    {
      "mode": "managed",
      "type": "openstack_networking_floatingip_associate_v2",
      "name": "fip_2",
      "provider": "provider[\"registry.terraform.io/terraform-provider-openstack/openstack\"]",
      "instances": [
        {
          "schema_version": 0,
          "attributes": {
            "fixed_ip": "192.168.199.11",
            "floating_ip": "91.197.41.112",
            "id": "1524468e-da48-4e6b-8780-20d10ce338d7",
            "port_id": "8196ac6e-c869-4aec-b87a-79ccf4f67d9f",
            "region": "se-sto"
          },
          "sensitive_attributes": [],
          "private": "bnVsbA==",
          "dependencies": [
            "openstack_compute_secgroup_v2.secgroup_1",
            "openstack_networking_floatingip_v2.floatip_2",
            "openstack_networking_network_v2.network_1",
            "openstack_networking_port_v2.port_2",
            "openstack_networking_subnet_v2.subnet_1"
          ]
        }
      ]
    },
    {
      "mode": "managed",
      "type": "openstack_networking_floatingip_v2",
      "name": "floatip_1",
      "provider": "provider[\"registry.terraform.io/terraform-provider-openstack/openstack\"]",
      "instances": [
        {
          "schema_version": 0,
          "attributes": {
            "address": "91.197.41.39",
            "all_tags": [],
            "description": "",
            "dns_domain": "",
            "dns_name": "",
            "fixed_ip": "",
            "id": "aea98c0e-7ece-465e-9246-f81ded9bbb67",
            "pool": "elx-public1",
            "port_id": "",
            "region": "se-sto",
            "subnet_id": null,
            "tags": null,
            "tenant_id": "92497014550c4c50801ee82e2abead61",
            "timeouts": null,
            "value_specs": null
          },
          "sensitive_attributes": [],
          "private": "eyJlMmJmYjczMC1lY2FhLTExZTYtOGY4OC0zNDM2M2JjN2M0YzAiOnsiY3JlYXRlIjo2MDAwMDAwMDAwMDAsImRlbGV0ZSI6NjAwMDAwMDAwMDAwfX0="
        }
      ]
    },
    {
      "mode": "managed",
      "type": "openstack_networking_floatingip_v2",
      "name": "floatip_2",
      "provider": "provider[\"registry.terraform.io/terraform-provider-openstack/openstack\"]",
      "instances": [
        {
          "schema_version": 0,
          "attributes": {
            "address": "91.197.41.112",
            "all_tags": [],
            "description": "",
            "dns_domain": "",
            "dns_name": "",
            "fixed_ip": "",
            "id": "1524468e-da48-4e6b-8780-20d10ce338d7",
            "pool": "elx-public1",
            "port_id": "",
            "region": "se-sto",
            "subnet_id": null,
            "tags": null,
            "tenant_id": "92497014550c4c50801ee82e2abead61",
            "timeouts": null,
            "value_specs": null
          },
          "sensitive_attributes": [],
          "private": "eyJlMmJmYjczMC1lY2FhLTExZTYtOGY4OC0zNDM2M2JjN2M0YzAiOnsiY3JlYXRlIjo2MDAwMDAwMDAwMDAsImRlbGV0ZSI6NjAwMDAwMDAwMDAwfX0="
        }
      ]
    },
    {
      "mode": "managed",
      "type": "openstack_networking_network_v2",
      "name": "network_1",
      "provider": "provider[\"registry.terraform.io/terraform-provider-openstack/openstack\"]",
      "instances": [
        {
          "schema_version": 0,
          "attributes": {
            "admin_state_up": true,
            "all_tags": [],
            "availability_zone_hints": [],
            "description": "",
            "dns_domain": "",
            "external": false,
            "id": "a4d46d08-c522-4362-ae87-b653c8098a09",
            "mtu": 1500,
            "name": "network1",
            "port_security_enabled": false,
            "qos_policy_id": "",
            "region": "se-sto",
            "segments": [],
            "shared": false,
            "tags": null,
            "tenant_id": "92497014550c4c50801ee82e2abead61",
            "timeouts": null,
            "transparent_vlan": false,
            "value_specs": null
          },
          "sensitive_attributes": [],
          "private": "eyJlMmJmYjczMC1lY2FhLTExZTYtOGY4OC0zNDM2M2JjN2M0YzAiOnsiY3JlYXRlIjo2MDAwMDAwMDAwMDAsImRlbGV0ZSI6NjAwMDAwMDAwMDAwfX0="
        }
      ]
    },
    {
      "mode": "managed",
      "type": "openstack_networking_port_v2",
      "name": "port_1",
      "provider": "provider[\"registry.terraform.io/terraform-provider-openstack/openstack\"]",
      "instances": [
        {
          "schema_version": 0,
          "attributes": {
            "admin_state_up": true,
            "all_fixed_ips": [
              "192.168.199.10"
            ],
            "all_security_group_ids": [
              "571295b9-6a5c-4672-8746-065ead495016"
            ],
            "all_tags": [],
            "allowed_address_pairs": [],
            "binding": [
              {
                "host_id": "",
                "profile": "null",
                "vif_details": {},
                "vif_type": "",
                "vnic_type": "normal"
              }
            ],
            "description": "",
            "device_id": "",
            "device_owner": "",
            "dns_assignment": [],
            "dns_name": "",
            "extra_dhcp_option": [],
            "fixed_ip": [
              {
                "ip_address": "192.168.199.10",
                "subnet_id": "a39bf478-d5a4-4d72-9afa-133a73a70b51"
              }
            ],
            "id": "b39a7e1b-1206-4e59-beed-6b3752f7842b",
            "mac_address": "fa:16:3e:49:a6:85",
            "name": "port_1",
            "network_id": "a4d46d08-c522-4362-ae87-b653c8098a09",
            "no_fixed_ip": null,
            "no_security_groups": null,
            "port_security_enabled": false,
            "qos_policy_id": "",
            "region": "se-sto",
            "security_group_ids": [
              "571295b9-6a5c-4672-8746-065ead495016"
            ],
            "tags": null,
            "tenant_id": "92497014550c4c50801ee82e2abead61",
            "timeouts": null,
            "value_specs": null
          },
          "sensitive_attributes": [],
          "private": "eyJlMmJmYjczMC1lY2FhLTExZTYtOGY4OC0zNDM2M2JjN2M0YzAiOnsiY3JlYXRlIjo2MDAwMDAwMDAwMDAsImRlbGV0ZSI6NjAwMDAwMDAwMDAwfX0=",
          "dependencies": [
            "openstack_compute_secgroup_v2.secgroup_1",
            "openstack_networking_network_v2.network_1",
            "openstack_networking_subnet_v2.subnet_1"
          ]
        }
      ]
    },
    {
      "mode": "managed",
      "type": "openstack_networking_port_v2",
      "name": "port_2",
      "provider": "provider[\"registry.terraform.io/terraform-provider-openstack/openstack\"]",
      "instances": [
        {
          "schema_version": 0,
          "attributes": {
            "admin_state_up": true,
            "all_fixed_ips": [
              "192.168.199.11"
            ],
            "all_security_group_ids": [
              "571295b9-6a5c-4672-8746-065ead495016"
            ],
            "all_tags": [],
            "allowed_address_pairs": [],
            "binding": [
              {
                "host_id": "",
                "profile": "null",
                "vif_details": {},
                "vif_type": "",
                "vnic_type": "normal"
              }
            ],
            "description": "",
            "device_id": "",
            "device_owner": "",
            "dns_assignment": [],
            "dns_name": "",
            "extra_dhcp_option": [],
            "fixed_ip": [
              {
                "ip_address": "192.168.199.11",
                "subnet_id": "a39bf478-d5a4-4d72-9afa-133a73a70b51"
              }
            ],
            "id": "8196ac6e-c869-4aec-b87a-79ccf4f67d9f",
            "mac_address": "fa:16:3e:52:6e:6c",
            "name": "port_2",
            "network_id": "a4d46d08-c522-4362-ae87-b653c8098a09",
            "no_fixed_ip": null,
            "no_security_groups": null,
            "port_security_enabled": false,
            "qos_policy_id": "",
            "region": "se-sto",
            "security_group_ids": [
              "571295b9-6a5c-4672-8746-065ead495016"
            ],
            "tags": null,
            "tenant_id": "92497014550c4c50801ee82e2abead61",
            "timeouts": null,
            "value_specs": null
          },
          "sensitive_attributes": [],
          "private": "eyJlMmJmYjczMC1lY2FhLTExZTYtOGY4OC0zNDM2M2JjN2M0YzAiOnsiY3JlYXRlIjo2MDAwMDAwMDAwMDAsImRlbGV0ZSI6NjAwMDAwMDAwMDAwfX0=",
          "dependencies": [
            "openstack_compute_secgroup_v2.secgroup_1",
            "openstack_networking_network_v2.network_1",
            "openstack_networking_subnet_v2.subnet_1"
          ]
        }
      ]
    },
    {
      "mode": "managed",
      "type": "openstack_networking_router_interface_v2",
      "name": "router_interface_1",
      "provider": "provider[\"registry.terraform.io/terraform-provider-openstack/openstack\"]",
      "instances": [
        {
          "schema_version": 0,
          "attributes": {
            "id": "f5273b42-9d9e-4ad8-8ef1-02c7c533553f",
            "port_id": "f5273b42-9d9e-4ad8-8ef1-02c7c533553f",
            "region": "se-sto",
            "router_id": "ec3a304d-7005-4858-ad50-699adb5fc4fb",
            "subnet_id": "a39bf478-d5a4-4d72-9afa-133a73a70b51",
            "timeouts": null
          },
          "sensitive_attributes": [],
          "private": "eyJlMmJmYjczMC1lY2FhLTExZTYtOGY4OC0zNDM2M2JjN2M0YzAiOnsiY3JlYXRlIjo2MDAwMDAwMDAwMDAsImRlbGV0ZSI6NjAwMDAwMDAwMDAwfX0=",
          "dependencies": [
            "openstack_networking_network_v2.network_1",
            "openstack_networking_router_v2.router",
            "openstack_networking_subnet_v2.subnet_1"
          ]
        }
      ]
    },
    {
      "mode": "managed",
      "type": "openstack_networking_router_v2",
      "name": "router",
      "provider": "provider[\"registry.terraform.io/terraform-provider-openstack/openstack\"]",
      "instances": [
        {
          "schema_version": 0,
          "attributes": {
            "admin_state_up": true,
            "all_tags": [],
            "availability_zone_hints": [],
            "description": "",
            "distributed": false,
            "enable_snat": true,
            "external_fixed_ip": [
              {
                "ip_address": "91.197.41.123",
                "subnet_id": "38f4da39-06eb-47cb-b655-091ef1b2ca78"
              }
            ],
            "external_gateway": "600b8501-78cb-4155-9c9f-23dfcba88828",
            "external_network_id": "600b8501-78cb-4155-9c9f-23dfcba88828",
            "id": "ec3a304d-7005-4858-ad50-699adb5fc4fb",
            "name": "router1",
            "region": "se-sto",
            "tags": null,
            "tenant_id": "92497014550c4c50801ee82e2abead61",
            "timeouts": null,
            "value_specs": null,
            "vendor_options": []
          },
          "sensitive_attributes": [],
          "private": "eyJlMmJmYjczMC1lY2FhLTExZTYtOGY4OC0zNDM2M2JjN2M0YzAiOnsiY3JlYXRlIjo2MDAwMDAwMDAwMDAsImRlbGV0ZSI6NjAwMDAwMDAwMDAwfX0="
        }
      ]
    },
    {
      "mode": "managed",
      "type": "openstack_networking_subnet_v2",
      "name": "subnet_1",
      "provider": "provider[\"registry.terraform.io/terraform-provider-openstack/openstack\"]",
      "instances": [
        {
          "schema_version": 0,
          "attributes": {
            "all_tags": [],
            "allocation_pool": [
              {
                "end": "192.168.199.254",
                "start": "192.168.199.2"
              }
            ],
            "allocation_pools": [
              {
                "end": "192.168.199.254",
                "start": "192.168.199.2"
              }
            ],
            "cidr": "192.168.199.0/24",
            "description": "",
            "dns_nameservers": [
              "8.8.8.8",
              "8.8.4.4"
            ],
            "enable_dhcp": true,
            "gateway_ip": "192.168.199.1",
            "host_routes": [],
            "id": "a39bf478-d5a4-4d72-9afa-133a73a70b51",
            "ip_version": 4,
            "ipv6_address_mode": "",
            "ipv6_ra_mode": "",
            "name": "tf_subnet_1",
            "network_id": "a4d46d08-c522-4362-ae87-b653c8098a09",
            "no_gateway": false,
            "prefix_length": null,
            "region": "se-sto",
            "subnetpool_id": "",
            "tags": null,
            "tenant_id": "92497014550c4c50801ee82e2abead61",
            "timeouts": null,
            "value_specs": null
          },
          "sensitive_attributes": [],
          "private": "eyJlMmJmYjczMC1lY2FhLTExZTYtOGY4OC0zNDM2M2JjN2M0YzAiOnsiY3JlYXRlIjo2MDAwMDAwMDAwMDAsImRlbGV0ZSI6NjAwMDAwMDAwMDAwfX0=",
          "dependencies": [
            "openstack_networking_network_v2.network_1"
          ]
        }
      ]
    }
  ]
}
